// !$*UTF8*$!
{
	archiveVersion = 1;
	classes = {
	};
	objectVersion = 46;
	objects = {

/* Begin PBXBuildFile section */
		49B2FBBA1A84BC9B005BE94F /* Pods_finalprojectTests.framework in Frameworks */ = {isa = PBXBuildFile; fileRef = A1483CBFDE8580CD5BAAE562 /* Pods_finalprojectTests.framework */; };
		57655E7D877F2CEE5949F8B7 /* Pods_finalprojectUITests.framework in Frameworks */ = {isa = PBXBuildFile; fileRef = 910ABA62827A2FE1415E43CE /* Pods_finalprojectUITests.framework */; };
		851CA9151E250E6C00DCB9A8 /* Sketches.jpg in Resources */ = {isa = PBXBuildFile; fileRef = 851CA9131E250E6C00DCB9A8 /* Sketches.jpg */; };
		851CA9161E250E6C00DCB9A8 /* README.md in Sources */ = {isa = PBXBuildFile; fileRef = 851CA9141E250E6C00DCB9A8 /* README.md */; };
		851CA9191E2510B800DCB9A8 /* DESIGN.md in Sources */ = {isa = PBXBuildFile; fileRef = 851CA9181E2510B800DCB9A8 /* DESIGN.md */; };
		851CA91C1E25259600DCB9A8 /* Design1.jpg in Resources */ = {isa = PBXBuildFile; fileRef = 851CA91A1E25259600DCB9A8 /* Design1.jpg */; };
		851CA91D1E25259600DCB9A8 /* Design2.jpg in Resources */ = {isa = PBXBuildFile; fileRef = 851CA91B1E25259600DCB9A8 /* Design2.jpg */; };
		852C09B61E250BA3000F563F /* AppDelegate.swift in Sources */ = {isa = PBXBuildFile; fileRef = 852C09B51E250BA3000F563F /* AppDelegate.swift */; };
		852C09B81E250BA3000F563F /* ViewController.swift in Sources */ = {isa = PBXBuildFile; fileRef = 852C09B71E250BA3000F563F /* ViewController.swift */; };
		852C09BB1E250BA5000F563F /* Main.storyboard in Resources */ = {isa = PBXBuildFile; fileRef = 852C09B91E250BA5000F563F /* Main.storyboard */; };
		852C09BD1E250BA5000F563F /* Assets.xcassets in Resources */ = {isa = PBXBuildFile; fileRef = 852C09BC1E250BA5000F563F /* Assets.xcassets */; };
		852C09C01E250BA6000F563F /* LaunchScreen.storyboard in Resources */ = {isa = PBXBuildFile; fileRef = 852C09BE1E250BA6000F563F /* LaunchScreen.storyboard */; };
		852C09CB1E250BAA000F563F /* finalprojectTests.swift in Sources */ = {isa = PBXBuildFile; fileRef = 852C09CA1E250BAA000F563F /* finalprojectTests.swift */; };
		852C09D61E250BAA000F563F /* finalprojectUITests.swift in Sources */ = {isa = PBXBuildFile; fileRef = 852C09D51E250BAA000F563F /* finalprojectUITests.swift */; };
		8535E9301E301D760037D871 /* User.swift in Sources */ = {isa = PBXBuildFile; fileRef = 8535E92F1E301D760037D871 /* User.swift */; };
		8535E9321E301F750037D871 /* Tip.swift in Sources */ = {isa = PBXBuildFile; fileRef = 8535E9311E301F750037D871 /* Tip.swift */; };
		8561EE691E26AAB70040DE70 /* Prototype1.png in Resources */ = {isa = PBXBuildFile; fileRef = 8561EE661E26AAB70040DE70 /* Prototype1.png */; };
		8561EE6A1E26AAB70040DE70 /* Prototype2.png in Resources */ = {isa = PBXBuildFile; fileRef = 8561EE671E26AAB70040DE70 /* Prototype2.png */; };
		8561EE6B1E26AAB70040DE70 /* Prototype3.png in Resources */ = {isa = PBXBuildFile; fileRef = 8561EE681E26AAB70040DE70 /* Prototype3.png */; };
		85AC70381E28E1CF008C3E0D /* SpecificTravelViewController.swift in Sources */ = {isa = PBXBuildFile; fileRef = 85AC70371E28E1CF008C3E0D /* SpecificTravelViewController.swift */; };
		85AC703A1E2CC98F008C3E0D /* GoogleService-Info.plist in Resources */ = {isa = PBXBuildFile; fileRef = 85AC70391E2CC98F008C3E0D /* GoogleService-Info.plist */; };
		85AC703E1E2CCC23008C3E0D /* LoginViewController.swift in Sources */ = {isa = PBXBuildFile; fileRef = 85AC703D1E2CCC23008C3E0D /* LoginViewController.swift */; };
		85AC70401E2CCCAB008C3E0D /* MenuViewController.swift in Sources */ = {isa = PBXBuildFile; fileRef = 85AC703F1E2CCCAB008C3E0D /* MenuViewController.swift */; };
		85AC70451E2CE2ED008C3E0D /* AllTravelsViewController.swift in Sources */ = {isa = PBXBuildFile; fileRef = 85AC70441E2CE2ED008C3E0D /* AllTravelsViewController.swift */; };
		85FE3C4D1E2E2FE800586A2D /* MapViewController.swift in Sources */ = {isa = PBXBuildFile; fileRef = 85FE3C4C1E2E2FE800586A2D /* MapViewController.swift */; };
		85FE3C4F1E2E577D00586A2D /* PROCESS.md in Sources */ = {isa = PBXBuildFile; fileRef = 85FE3C4E1E2E577D00586A2D /* PROCESS.md */; };
		85FE3C511E2EB36900586A2D /* MapKit.framework in Frameworks */ = {isa = PBXBuildFile; fileRef = 85FE3C501E2EB36900586A2D /* MapKit.framework */; };
		85FE3C531E2FA2EC00586A2D /* FormViewController.swift in Sources */ = {isa = PBXBuildFile; fileRef = 85FE3C521E2FA2EC00586A2D /* FormViewController.swift */; };
		85FE3C551E2FAAE600586A2D /* AddTravelFormViewController.swift in Sources */ = {isa = PBXBuildFile; fileRef = 85FE3C541E2FAAE500586A2D /* AddTravelFormViewController.swift */; };
		85FE3C571E2FAC6B00586A2D /* AddTipFormViewController.swift in Sources */ = {isa = PBXBuildFile; fileRef = 85FE3C561E2FAC6B00586A2D /* AddTipFormViewController.swift */; };
		D806FA8516CFCAEBB3996141 /* Pods_finalproject.framework in Frameworks */ = {isa = PBXBuildFile; fileRef = 8A8E648AEE421CB033345069 /* Pods_finalproject.framework */; };
/* End PBXBuildFile section */

/* Begin PBXContainerItemProxy section */
		852C09C71E250BAA000F563F /* PBXContainerItemProxy */ = {
			isa = PBXContainerItemProxy;
			containerPortal = 852C09AA1E250B9C000F563F /* Project object */;
			proxyType = 1;
			remoteGlobalIDString = 852C09B11E250B9C000F563F;
			remoteInfo = finalproject;
		};
		852C09D21E250BAA000F563F /* PBXContainerItemProxy */ = {
			isa = PBXContainerItemProxy;
			containerPortal = 852C09AA1E250B9C000F563F /* Project object */;
			proxyType = 1;
			remoteGlobalIDString = 852C09B11E250B9C000F563F;
			remoteInfo = finalproject;
		};
/* End PBXContainerItemProxy section */

/* Begin PBXFileReference section */
		2F7A60461020A30F5ECF9E48 /* Pods-finalprojectUITests.debug.xcconfig */ = {isa = PBXFileReference; includeInIndex = 1; lastKnownFileType = text.xcconfig; name = "Pods-finalprojectUITests.debug.xcconfig"; path = "Pods/Target Support Files/Pods-finalprojectUITests/Pods-finalprojectUITests.debug.xcconfig"; sourceTree = "<group>"; };
		37F1031C9089993BD6748633 /* Pods-finalproject.debug.xcconfig */ = {isa = PBXFileReference; includeInIndex = 1; lastKnownFileType = text.xcconfig; name = "Pods-finalproject.debug.xcconfig"; path = "Pods/Target Support Files/Pods-finalproject/Pods-finalproject.debug.xcconfig"; sourceTree = "<group>"; };
		68957F6B4D0ED2B970309564 /* Pods-finalprojectTests.debug.xcconfig */ = {isa = PBXFileReference; includeInIndex = 1; lastKnownFileType = text.xcconfig; name = "Pods-finalprojectTests.debug.xcconfig"; path = "Pods/Target Support Files/Pods-finalprojectTests/Pods-finalprojectTests.debug.xcconfig"; sourceTree = "<group>"; };
		851CA9131E250E6C00DCB9A8 /* Sketches.jpg */ = {isa = PBXFileReference; lastKnownFileType = image.jpeg; path = Sketches.jpg; sourceTree = "<group>"; };
		851CA9141E250E6C00DCB9A8 /* README.md */ = {isa = PBXFileReference; fileEncoding = 4; lastKnownFileType = net.daringfireball.markdown; path = README.md; sourceTree = "<group>"; };
		851CA9181E2510B800DCB9A8 /* DESIGN.md */ = {isa = PBXFileReference; fileEncoding = 4; lastKnownFileType = net.daringfireball.markdown; path = DESIGN.md; sourceTree = "<group>"; };
		851CA91A1E25259600DCB9A8 /* Design1.jpg */ = {isa = PBXFileReference; lastKnownFileType = image.jpeg; path = Design1.jpg; sourceTree = "<group>"; };
		851CA91B1E25259600DCB9A8 /* Design2.jpg */ = {isa = PBXFileReference; lastKnownFileType = image.jpeg; path = Design2.jpg; sourceTree = "<group>"; };
		852C09B21E250BA2000F563F /* finalproject.app */ = {isa = PBXFileReference; explicitFileType = wrapper.application; includeInIndex = 0; path = finalproject.app; sourceTree = BUILT_PRODUCTS_DIR; };
		852C09B51E250BA3000F563F /* AppDelegate.swift */ = {isa = PBXFileReference; lastKnownFileType = sourcecode.swift; path = AppDelegate.swift; sourceTree = "<group>"; };
		852C09B71E250BA3000F563F /* ViewController.swift */ = {isa = PBXFileReference; lastKnownFileType = sourcecode.swift; path = ViewController.swift; sourceTree = "<group>"; };
		852C09BA1E250BA5000F563F /* Base */ = {isa = PBXFileReference; lastKnownFileType = file.storyboard; name = Base; path = Base.lproj/Main.storyboard; sourceTree = "<group>"; };
		852C09BC1E250BA5000F563F /* Assets.xcassets */ = {isa = PBXFileReference; lastKnownFileType = folder.assetcatalog; path = Assets.xcassets; sourceTree = "<group>"; };
		852C09BF1E250BA6000F563F /* Base */ = {isa = PBXFileReference; lastKnownFileType = file.storyboard; name = Base; path = Base.lproj/LaunchScreen.storyboard; sourceTree = "<group>"; };
		852C09C11E250BA7000F563F /* Info.plist */ = {isa = PBXFileReference; lastKnownFileType = text.plist.xml; path = Info.plist; sourceTree = "<group>"; };
		852C09C61E250BAA000F563F /* finalprojectTests.xctest */ = {isa = PBXFileReference; explicitFileType = wrapper.cfbundle; includeInIndex = 0; path = finalprojectTests.xctest; sourceTree = BUILT_PRODUCTS_DIR; };
		852C09CA1E250BAA000F563F /* finalprojectTests.swift */ = {isa = PBXFileReference; lastKnownFileType = sourcecode.swift; path = finalprojectTests.swift; sourceTree = "<group>"; };
		852C09CC1E250BAA000F563F /* Info.plist */ = {isa = PBXFileReference; lastKnownFileType = text.plist.xml; path = Info.plist; sourceTree = "<group>"; };
		852C09D11E250BAA000F563F /* finalprojectUITests.xctest */ = {isa = PBXFileReference; explicitFileType = wrapper.cfbundle; includeInIndex = 0; path = finalprojectUITests.xctest; sourceTree = BUILT_PRODUCTS_DIR; };
		852C09D51E250BAA000F563F /* finalprojectUITests.swift */ = {isa = PBXFileReference; lastKnownFileType = sourcecode.swift; path = finalprojectUITests.swift; sourceTree = "<group>"; };
		852C09D71E250BAA000F563F /* Info.plist */ = {isa = PBXFileReference; lastKnownFileType = text.plist.xml; path = Info.plist; sourceTree = "<group>"; };
		8535E92F1E301D760037D871 /* User.swift */ = {isa = PBXFileReference; fileEncoding = 4; lastKnownFileType = sourcecode.swift; path = User.swift; sourceTree = "<group>"; };
		8535E9311E301F750037D871 /* Tip.swift */ = {isa = PBXFileReference; fileEncoding = 4; lastKnownFileType = sourcecode.swift; path = Tip.swift; sourceTree = "<group>"; };
		8561EE661E26AAB70040DE70 /* Prototype1.png */ = {isa = PBXFileReference; lastKnownFileType = image.png; path = Prototype1.png; sourceTree = "<group>"; };
		8561EE671E26AAB70040DE70 /* Prototype2.png */ = {isa = PBXFileReference; lastKnownFileType = image.png; path = Prototype2.png; sourceTree = "<group>"; };
		8561EE681E26AAB70040DE70 /* Prototype3.png */ = {isa = PBXFileReference; lastKnownFileType = image.png; path = Prototype3.png; sourceTree = "<group>"; };
		85AC70371E28E1CF008C3E0D /* SpecificTravelViewController.swift */ = {isa = PBXFileReference; fileEncoding = 4; lastKnownFileType = sourcecode.swift; name = SpecificTravelViewController.swift; path = ../SpecificTravelViewController.swift; sourceTree = "<group>"; };
		85AC70391E2CC98F008C3E0D /* GoogleService-Info.plist */ = {isa = PBXFileReference; fileEncoding = 4; lastKnownFileType = text.plist.xml; path = "GoogleService-Info.plist"; sourceTree = "<group>"; };
		85AC703D1E2CCC23008C3E0D /* LoginViewController.swift */ = {isa = PBXFileReference; fileEncoding = 4; lastKnownFileType = sourcecode.swift; path = LoginViewController.swift; sourceTree = "<group>"; };
		85AC703F1E2CCCAB008C3E0D /* MenuViewController.swift */ = {isa = PBXFileReference; fileEncoding = 4; lastKnownFileType = sourcecode.swift; path = MenuViewController.swift; sourceTree = "<group>"; };
		85AC70411E2CCFC5008C3E0D /* finalproject.entitlements */ = {isa = PBXFileReference; lastKnownFileType = text.plist.entitlements; path = finalproject.entitlements; sourceTree = "<group>"; };
		85AC70441E2CE2ED008C3E0D /* AllTravelsViewController.swift */ = {isa = PBXFileReference; fileEncoding = 4; lastKnownFileType = sourcecode.swift; path = AllTravelsViewController.swift; sourceTree = "<group>"; };
		85FE3C4C1E2E2FE800586A2D /* MapViewController.swift */ = {isa = PBXFileReference; fileEncoding = 4; lastKnownFileType = sourcecode.swift; path = MapViewController.swift; sourceTree = "<group>"; };
		85FE3C4E1E2E577D00586A2D /* PROCESS.md */ = {isa = PBXFileReference; fileEncoding = 4; lastKnownFileType = net.daringfireball.markdown; path = PROCESS.md; sourceTree = "<group>"; };
		85FE3C501E2EB36900586A2D /* MapKit.framework */ = {isa = PBXFileReference; lastKnownFileType = wrapper.framework; name = MapKit.framework; path = System/Library/Frameworks/MapKit.framework; sourceTree = SDKROOT; };
		85FE3C521E2FA2EC00586A2D /* FormViewController.swift */ = {isa = PBXFileReference; fileEncoding = 4; lastKnownFileType = sourcecode.swift; path = FormViewController.swift; sourceTree = "<group>"; };
		85FE3C541E2FAAE500586A2D /* AddTravelFormViewController.swift */ = {isa = PBXFileReference; fileEncoding = 4; lastKnownFileType = sourcecode.swift; path = AddTravelFormViewController.swift; sourceTree = "<group>"; };
		85FE3C561E2FAC6B00586A2D /* AddTipFormViewController.swift */ = {isa = PBXFileReference; fileEncoding = 4; lastKnownFileType = sourcecode.swift; path = AddTipFormViewController.swift; sourceTree = "<group>"; };
		8A8E648AEE421CB033345069 /* Pods_finalproject.framework */ = {isa = PBXFileReference; explicitFileType = wrapper.framework; includeInIndex = 0; path = Pods_finalproject.framework; sourceTree = BUILT_PRODUCTS_DIR; };
		910ABA62827A2FE1415E43CE /* Pods_finalprojectUITests.framework */ = {isa = PBXFileReference; explicitFileType = wrapper.framework; includeInIndex = 0; path = Pods_finalprojectUITests.framework; sourceTree = BUILT_PRODUCTS_DIR; };
		929FA43F934B4C49CE5B2098 /* Pods-finalprojectTests.release.xcconfig */ = {isa = PBXFileReference; includeInIndex = 1; lastKnownFileType = text.xcconfig; name = "Pods-finalprojectTests.release.xcconfig"; path = "Pods/Target Support Files/Pods-finalprojectTests/Pods-finalprojectTests.release.xcconfig"; sourceTree = "<group>"; };
		A1483CBFDE8580CD5BAAE562 /* Pods_finalprojectTests.framework */ = {isa = PBXFileReference; explicitFileType = wrapper.framework; includeInIndex = 0; path = Pods_finalprojectTests.framework; sourceTree = BUILT_PRODUCTS_DIR; };
		EABE658CC3C2F5CBF45BFB7B /* Pods-finalproject.release.xcconfig */ = {isa = PBXFileReference; includeInIndex = 1; lastKnownFileType = text.xcconfig; name = "Pods-finalproject.release.xcconfig"; path = "Pods/Target Support Files/Pods-finalproject/Pods-finalproject.release.xcconfig"; sourceTree = "<group>"; };
		F1D9C8E3B295D9F0983318C6 /* Pods-finalprojectUITests.release.xcconfig */ = {isa = PBXFileReference; includeInIndex = 1; lastKnownFileType = text.xcconfig; name = "Pods-finalprojectUITests.release.xcconfig"; path = "Pods/Target Support Files/Pods-finalprojectUITests/Pods-finalprojectUITests.release.xcconfig"; sourceTree = "<group>"; };
/* End PBXFileReference section */

/* Begin PBXFrameworksBuildPhase section */
		852C09AF1E250B9C000F563F /* Frameworks */ = {
			isa = PBXFrameworksBuildPhase;
			buildActionMask = 2147483647;
			files = (
				85FE3C511E2EB36900586A2D /* MapKit.framework in Frameworks */,
				D806FA8516CFCAEBB3996141 /* Pods_finalproject.framework in Frameworks */,
			);
			runOnlyForDeploymentPostprocessing = 0;
		};
		852C09C31E250BAA000F563F /* Frameworks */ = {
			isa = PBXFrameworksBuildPhase;
			buildActionMask = 2147483647;
			files = (
				49B2FBBA1A84BC9B005BE94F /* Pods_finalprojectTests.framework in Frameworks */,
			);
			runOnlyForDeploymentPostprocessing = 0;
		};
		852C09CE1E250BAA000F563F /* Frameworks */ = {
			isa = PBXFrameworksBuildPhase;
			buildActionMask = 2147483647;
			files = (
				57655E7D877F2CEE5949F8B7 /* Pods_finalprojectUITests.framework in Frameworks */,
			);
			runOnlyForDeploymentPostprocessing = 0;
		};
/* End PBXFrameworksBuildPhase section */

/* Begin PBXGroup section */
		13A699AF65FA3D252F9D8130 /* Frameworks */ = {
			isa = PBXGroup;
			children = (
				85FE3C501E2EB36900586A2D /* MapKit.framework */,
				8A8E648AEE421CB033345069 /* Pods_finalproject.framework */,
				A1483CBFDE8580CD5BAAE562 /* Pods_finalprojectTests.framework */,
				910ABA62827A2FE1415E43CE /* Pods_finalprojectUITests.framework */,
			);
			name = Frameworks;
			sourceTree = "<group>";
		};
		851CA9121E250E6C00DCB9A8 /* Images */ = {
			isa = PBXGroup;
			children = (
				851CA9131E250E6C00DCB9A8 /* Sketches.jpg */,
				851CA91A1E25259600DCB9A8 /* Design1.jpg */,
				851CA91B1E25259600DCB9A8 /* Design2.jpg */,
				8561EE661E26AAB70040DE70 /* Prototype1.png */,
				8561EE671E26AAB70040DE70 /* Prototype2.png */,
				8561EE681E26AAB70040DE70 /* Prototype3.png */,
			);
			name = Images;
			path = Doc;
			sourceTree = "<group>";
		};
		851CA9171E250F9500DCB9A8 /* Doc */ = {
			isa = PBXGroup;
			children = (
				851CA9121E250E6C00DCB9A8 /* Images */,
				851CA9141E250E6C00DCB9A8 /* README.md */,
				851CA9181E2510B800DCB9A8 /* DESIGN.md */,
				85FE3C4E1E2E577D00586A2D /* PROCESS.md */,
				85AC70391E2CC98F008C3E0D /* GoogleService-Info.plist */,
				852C09C11E250BA7000F563F /* Info.plist */,
			);
			name = Doc;
			sourceTree = "<group>";
		};
		852C09A91E250B9C000F563F = {
			isa = PBXGroup;
			children = (
				852C09B41E250BA2000F563F /* finalproject */,
				852C09C91E250BAA000F563F /* finalprojectTests */,
				852C09D41E250BAA000F563F /* finalprojectUITests */,
				852C09B31E250BA2000F563F /* Products */,
				9089DAF206C0F2853192E479 /* Pods */,
				13A699AF65FA3D252F9D8130 /* Frameworks */,
			);
			sourceTree = "<group>";
		};
		852C09B31E250BA2000F563F /* Products */ = {
			isa = PBXGroup;
			children = (
				852C09B21E250BA2000F563F /* finalproject.app */,
				852C09C61E250BAA000F563F /* finalprojectTests.xctest */,
				852C09D11E250BAA000F563F /* finalprojectUITests.xctest */,
			);
			name = Products;
			sourceTree = "<group>";
		};
		852C09B41E250BA2000F563F /* finalproject */ = {
			isa = PBXGroup;
			children = (
				85AC70411E2CCFC5008C3E0D /* finalproject.entitlements */,
				8561EE6C1E27842A0040DE70 /* Views */,
				85AC703B1E2CCB2E008C3E0D /* Controllers */,
				85AC703C1E2CCBBD008C3E0D /* Models */,
				851CA9171E250F9500DCB9A8 /* Doc */,
				852C09B51E250BA3000F563F /* AppDelegate.swift */,
				852C09BC1E250BA5000F563F /* Assets.xcassets */,
			);
			path = finalproject;
			sourceTree = "<group>";
		};
		852C09C91E250BAA000F563F /* finalprojectTests */ = {
			isa = PBXGroup;
			children = (
				852C09CA1E250BAA000F563F /* finalprojectTests.swift */,
				852C09CC1E250BAA000F563F /* Info.plist */,
			);
			path = finalprojectTests;
			sourceTree = "<group>";
		};
		852C09D41E250BAA000F563F /* finalprojectUITests */ = {
			isa = PBXGroup;
			children = (
				852C09D51E250BAA000F563F /* finalprojectUITests.swift */,
				852C09D71E250BAA000F563F /* Info.plist */,
			);
			path = finalprojectUITests;
			sourceTree = "<group>";
		};
		8561EE6C1E27842A0040DE70 /* Views */ = {
			isa = PBXGroup;
			children = (
				852C09B91E250BA5000F563F /* Main.storyboard */,
				852C09BE1E250BA6000F563F /* LaunchScreen.storyboard */,
			);
			name = Views;
			sourceTree = "<group>";
		};
		85AC703B1E2CCB2E008C3E0D /* Controllers */ = {
			isa = PBXGroup;
			children = (
				852C09B71E250BA3000F563F /* ViewController.swift */,
				85AC70371E28E1CF008C3E0D /* SpecificTravelViewController.swift */,
				85AC703D1E2CCC23008C3E0D /* LoginViewController.swift */,
				85AC703F1E2CCCAB008C3E0D /* MenuViewController.swift */,
				85AC70441E2CE2ED008C3E0D /* AllTravelsViewController.swift */,
				85FE3C4C1E2E2FE800586A2D /* MapViewController.swift */,
				85FE3C521E2FA2EC00586A2D /* FormViewController.swift */,
				85FE3C541E2FAAE500586A2D /* AddTravelFormViewController.swift */,
				85FE3C561E2FAC6B00586A2D /* AddTipFormViewController.swift */,
			);
			name = Controllers;
			sourceTree = "<group>";
		};
		85AC703C1E2CCBBD008C3E0D /* Models */ = {
			isa = PBXGroup;
			children = (
				8535E92F1E301D760037D871 /* User.swift */,
				8535E9311E301F750037D871 /* Tip.swift */,
			);
			name = Models;
			sourceTree = "<group>";
		};
		9089DAF206C0F2853192E479 /* Pods */ = {
			isa = PBXGroup;
			children = (
				37F1031C9089993BD6748633 /* Pods-finalproject.debug.xcconfig */,
				EABE658CC3C2F5CBF45BFB7B /* Pods-finalproject.release.xcconfig */,
				68957F6B4D0ED2B970309564 /* Pods-finalprojectTests.debug.xcconfig */,
				929FA43F934B4C49CE5B2098 /* Pods-finalprojectTests.release.xcconfig */,
				2F7A60461020A30F5ECF9E48 /* Pods-finalprojectUITests.debug.xcconfig */,
				F1D9C8E3B295D9F0983318C6 /* Pods-finalprojectUITests.release.xcconfig */,
			);
			name = Pods;
			sourceTree = "<group>";
		};
/* End PBXGroup section */

/* Begin PBXNativeTarget section */
		852C09B11E250B9C000F563F /* finalproject */ = {
			isa = PBXNativeTarget;
			buildConfigurationList = 852C09DA1E250BAA000F563F /* Build configuration list for PBXNativeTarget "finalproject" */;
			buildPhases = (
				1F06E6E9886D6B0500AD2B37 /* [CP] Check Pods Manifest.lock */,
				852C09AE1E250B9C000F563F /* Sources */,
				852C09AF1E250B9C000F563F /* Frameworks */,
				852C09B01E250B9C000F563F /* Resources */,
				74A203BDA5F74F45B2B09640 /* [CP] Embed Pods Frameworks */,
				0EB6083364ED7D6A1DCE314D /* [CP] Copy Pods Resources */,
			);
			buildRules = (
			);
			dependencies = (
			);
			name = finalproject;
			productName = finalproject;
			productReference = 852C09B21E250BA2000F563F /* finalproject.app */;
			productType = "com.apple.product-type.application";
		};
		852C09C51E250BAA000F563F /* finalprojectTests */ = {
			isa = PBXNativeTarget;
			buildConfigurationList = 852C09DD1E250BAA000F563F /* Build configuration list for PBXNativeTarget "finalprojectTests" */;
			buildPhases = (
				FC95BDFF99E825A300830549 /* [CP] Check Pods Manifest.lock */,
				852C09C21E250BAA000F563F /* Sources */,
				852C09C31E250BAA000F563F /* Frameworks */,
				852C09C41E250BAA000F563F /* Resources */,
				B8ACAE9D23980AA29D686318 /* [CP] Embed Pods Frameworks */,
				510B834DFFFF09FB77246582 /* [CP] Copy Pods Resources */,
			);
			buildRules = (
			);
			dependencies = (
				852C09C81E250BAA000F563F /* PBXTargetDependency */,
			);
			name = finalprojectTests;
			productName = finalprojectTests;
			productReference = 852C09C61E250BAA000F563F /* finalprojectTests.xctest */;
			productType = "com.apple.product-type.bundle.unit-test";
		};
		852C09D01E250BAA000F563F /* finalprojectUITests */ = {
			isa = PBXNativeTarget;
			buildConfigurationList = 852C09E01E250BAA000F563F /* Build configuration list for PBXNativeTarget "finalprojectUITests" */;
			buildPhases = (
				02D9FF0D6790841E25A50A71 /* [CP] Check Pods Manifest.lock */,
				852C09CD1E250BAA000F563F /* Sources */,
				852C09CE1E250BAA000F563F /* Frameworks */,
				852C09CF1E250BAA000F563F /* Resources */,
				18E2D021B26090DC93B51082 /* [CP] Embed Pods Frameworks */,
				D5565F1DDADD7B8548A6E145 /* [CP] Copy Pods Resources */,
			);
			buildRules = (
			);
			dependencies = (
				852C09D31E250BAA000F563F /* PBXTargetDependency */,
			);
			name = finalprojectUITests;
			productName = finalprojectUITests;
			productReference = 852C09D11E250BAA000F563F /* finalprojectUITests.xctest */;
			productType = "com.apple.product-type.bundle.ui-testing";
		};
/* End PBXNativeTarget section */

/* Begin PBXProject section */
		852C09AA1E250B9C000F563F /* Project object */ = {
			isa = PBXProject;
			attributes = {
				LastSwiftUpdateCheck = 0820;
				LastUpgradeCheck = 0820;
				ORGANIZATIONNAME = "Aynel Gül";
				TargetAttributes = {
					852C09B11E250B9C000F563F = {
						CreatedOnToolsVersion = 8.2.1;
						DevelopmentTeam = 372D866T32;
						ProvisioningStyle = Automatic;
						SystemCapabilities = {
							com.apple.Keychain = {
								enabled = 1;
							};
							com.apple.Maps.iOS = {
								enabled = 0;
							};
						};
					};
					852C09C51E250BAA000F563F = {
						CreatedOnToolsVersion = 8.2.1;
						DevelopmentTeam = 372D866T32;
						ProvisioningStyle = Automatic;
						TestTargetID = 852C09B11E250B9C000F563F;
					};
					852C09D01E250BAA000F563F = {
						CreatedOnToolsVersion = 8.2.1;
						DevelopmentTeam = 372D866T32;
						ProvisioningStyle = Automatic;
						TestTargetID = 852C09B11E250B9C000F563F;
					};
				};
			};
			buildConfigurationList = 852C09AD1E250B9C000F563F /* Build configuration list for PBXProject "finalproject" */;
			compatibilityVersion = "Xcode 3.2";
			developmentRegion = English;
			hasScannedForEncodings = 0;
			knownRegions = (
				en,
				Base,
			);
			mainGroup = 852C09A91E250B9C000F563F;
			productRefGroup = 852C09B31E250BA2000F563F /* Products */;
			projectDirPath = "";
			projectRoot = "";
			targets = (
				852C09B11E250B9C000F563F /* finalproject */,
				852C09C51E250BAA000F563F /* finalprojectTests */,
				852C09D01E250BAA000F563F /* finalprojectUITests */,
			);
		};
/* End PBXProject section */

/* Begin PBXResourcesBuildPhase section */
		852C09B01E250B9C000F563F /* Resources */ = {
			isa = PBXResourcesBuildPhase;
			buildActionMask = 2147483647;
			files = (
				85AC703A1E2CC98F008C3E0D /* GoogleService-Info.plist in Resources */,
				852C09C01E250BA6000F563F /* LaunchScreen.storyboard in Resources */,
				8561EE6A1E26AAB70040DE70 /* Prototype2.png in Resources */,
				851CA9151E250E6C00DCB9A8 /* Sketches.jpg in Resources */,
				851CA91C1E25259600DCB9A8 /* Design1.jpg in Resources */,
				852C09BD1E250BA5000F563F /* Assets.xcassets in Resources */,
				851CA91D1E25259600DCB9A8 /* Design2.jpg in Resources */,
				8561EE6B1E26AAB70040DE70 /* Prototype3.png in Resources */,
				852C09BB1E250BA5000F563F /* Main.storyboard in Resources */,
				8561EE691E26AAB70040DE70 /* Prototype1.png in Resources */,
			);
			runOnlyForDeploymentPostprocessing = 0;
		};
		852C09C41E250BAA000F563F /* Resources */ = {
			isa = PBXResourcesBuildPhase;
			buildActionMask = 2147483647;
			files = (
			);
			runOnlyForDeploymentPostprocessing = 0;
		};
		852C09CF1E250BAA000F563F /* Resources */ = {
			isa = PBXResourcesBuildPhase;
			buildActionMask = 2147483647;
			files = (
			);
			runOnlyForDeploymentPostprocessing = 0;
		};
/* End PBXResourcesBuildPhase section */

/* Begin PBXShellScriptBuildPhase section */
		02D9FF0D6790841E25A50A71 /* [CP] Check Pods Manifest.lock */ = {
			isa = PBXShellScriptBuildPhase;
			buildActionMask = 2147483647;
			files = (
			);
			inputPaths = (
			);
			name = "[CP] Check Pods Manifest.lock";
			outputPaths = (
			);
			runOnlyForDeploymentPostprocessing = 0;
			shellPath = /bin/sh;
			shellScript = "diff \"${PODS_ROOT}/../Podfile.lock\" \"${PODS_ROOT}/Manifest.lock\" > /dev/null\nif [ $? != 0 ] ; then\n    # print error to STDERR\n    echo \"error: The sandbox is not in sync with the Podfile.lock. Run 'pod install' or update your CocoaPods installation.\" >&2\n    exit 1\nfi\n";
			showEnvVarsInLog = 0;
		};
		0EB6083364ED7D6A1DCE314D /* [CP] Copy Pods Resources */ = {
			isa = PBXShellScriptBuildPhase;
			buildActionMask = 2147483647;
			files = (
			);
			inputPaths = (
			);
			name = "[CP] Copy Pods Resources";
			outputPaths = (
			);
			runOnlyForDeploymentPostprocessing = 0;
			shellPath = /bin/sh;
			shellScript = "\"${SRCROOT}/Pods/Target Support Files/Pods-finalproject/Pods-finalproject-resources.sh\"\n";
			showEnvVarsInLog = 0;
		};
		18E2D021B26090DC93B51082 /* [CP] Embed Pods Frameworks */ = {
			isa = PBXShellScriptBuildPhase;
			buildActionMask = 2147483647;
			files = (
			);
			inputPaths = (
			);
			name = "[CP] Embed Pods Frameworks";
			outputPaths = (
			);
			runOnlyForDeploymentPostprocessing = 0;
			shellPath = /bin/sh;
			shellScript = "\"${SRCROOT}/Pods/Target Support Files/Pods-finalprojectUITests/Pods-finalprojectUITests-frameworks.sh\"\n";
			showEnvVarsInLog = 0;
		};
		1F06E6E9886D6B0500AD2B37 /* [CP] Check Pods Manifest.lock */ = {
			isa = PBXShellScriptBuildPhase;
			buildActionMask = 2147483647;
			files = (
			);
			inputPaths = (
			);
			name = "[CP] Check Pods Manifest.lock";
			outputPaths = (
			);
			runOnlyForDeploymentPostprocessing = 0;
			shellPath = /bin/sh;
			shellScript = "diff \"${PODS_ROOT}/../Podfile.lock\" \"${PODS_ROOT}/Manifest.lock\" > /dev/null\nif [ $? != 0 ] ; then\n    # print error to STDERR\n    echo \"error: The sandbox is not in sync with the Podfile.lock. Run 'pod install' or update your CocoaPods installation.\" >&2\n    exit 1\nfi\n";
			showEnvVarsInLog = 0;
		};
		510B834DFFFF09FB77246582 /* [CP] Copy Pods Resources */ = {
			isa = PBXShellScriptBuildPhase;
			buildActionMask = 2147483647;
			files = (
			);
			inputPaths = (
			);
			name = "[CP] Copy Pods Resources";
			outputPaths = (
			);
			runOnlyForDeploymentPostprocessing = 0;
			shellPath = /bin/sh;
			shellScript = "\"${SRCROOT}/Pods/Target Support Files/Pods-finalprojectTests/Pods-finalprojectTests-resources.sh\"\n";
			showEnvVarsInLog = 0;
		};
		74A203BDA5F74F45B2B09640 /* [CP] Embed Pods Frameworks */ = {
			isa = PBXShellScriptBuildPhase;
			buildActionMask = 2147483647;
			files = (
			);
			inputPaths = (
			);
			name = "[CP] Embed Pods Frameworks";
			outputPaths = (
			);
			runOnlyForDeploymentPostprocessing = 0;
			shellPath = /bin/sh;
			shellScript = "\"${SRCROOT}/Pods/Target Support Files/Pods-finalproject/Pods-finalproject-frameworks.sh\"\n";
			showEnvVarsInLog = 0;
		};
		B8ACAE9D23980AA29D686318 /* [CP] Embed Pods Frameworks */ = {
			isa = PBXShellScriptBuildPhase;
			buildActionMask = 2147483647;
			files = (
			);
			inputPaths = (
			);
			name = "[CP] Embed Pods Frameworks";
			outputPaths = (
			);
			runOnlyForDeploymentPostprocessing = 0;
			shellPath = /bin/sh;
			shellScript = "\"${SRCROOT}/Pods/Target Support Files/Pods-finalprojectTests/Pods-finalprojectTests-frameworks.sh\"\n";
			showEnvVarsInLog = 0;
		};
		D5565F1DDADD7B8548A6E145 /* [CP] Copy Pods Resources */ = {
			isa = PBXShellScriptBuildPhase;
			buildActionMask = 2147483647;
			files = (
			);
			inputPaths = (
			);
			name = "[CP] Copy Pods Resources";
			outputPaths = (
			);
			runOnlyForDeploymentPostprocessing = 0;
			shellPath = /bin/sh;
			shellScript = "\"${SRCROOT}/Pods/Target Support Files/Pods-finalprojectUITests/Pods-finalprojectUITests-resources.sh\"\n";
			showEnvVarsInLog = 0;
		};
		FC95BDFF99E825A300830549 /* [CP] Check Pods Manifest.lock */ = {
			isa = PBXShellScriptBuildPhase;
			buildActionMask = 2147483647;
			files = (
			);
			inputPaths = (
			);
			name = "[CP] Check Pods Manifest.lock";
			outputPaths = (
			);
			runOnlyForDeploymentPostprocessing = 0;
			shellPath = /bin/sh;
			shellScript = "diff \"${PODS_ROOT}/../Podfile.lock\" \"${PODS_ROOT}/Manifest.lock\" > /dev/null\nif [ $? != 0 ] ; then\n    # print error to STDERR\n    echo \"error: The sandbox is not in sync with the Podfile.lock. Run 'pod install' or update your CocoaPods installation.\" >&2\n    exit 1\nfi\n";
			showEnvVarsInLog = 0;
		};
/* End PBXShellScriptBuildPhase section */

/* Begin PBXSourcesBuildPhase section */
		852C09AE1E250B9C000F563F /* Sources */ = {
			isa = PBXSourcesBuildPhase;
			buildActionMask = 2147483647;
			files = (
				85AC70451E2CE2ED008C3E0D /* AllTravelsViewController.swift in Sources */,
				85FE3C531E2FA2EC00586A2D /* FormViewController.swift in Sources */,
				85AC703E1E2CCC23008C3E0D /* LoginViewController.swift in Sources */,
				85FE3C571E2FAC6B00586A2D /* AddTipFormViewController.swift in Sources */,
				851CA9161E250E6C00DCB9A8 /* README.md in Sources */,
				85AC70381E28E1CF008C3E0D /* SpecificTravelViewController.swift in Sources */,
				8535E9301E301D760037D871 /* User.swift in Sources */,
				85FE3C4D1E2E2FE800586A2D /* MapViewController.swift in Sources */,
				85FE3C551E2FAAE600586A2D /* AddTravelFormViewController.swift in Sources */,
				85AC70401E2CCCAB008C3E0D /* MenuViewController.swift in Sources */,
				85FE3C4F1E2E577D00586A2D /* PROCESS.md in Sources */,
				852C09B81E250BA3000F563F /* ViewController.swift in Sources */,
				8535E9321E301F750037D871 /* Tip.swift in Sources */,
				851CA9191E2510B800DCB9A8 /* DESIGN.md in Sources */,
				852C09B61E250BA3000F563F /* AppDelegate.swift in Sources */,
			);
			runOnlyForDeploymentPostprocessing = 0;
		};
		852C09C21E250BAA000F563F /* Sources */ = {
			isa = PBXSourcesBuildPhase;
			buildActionMask = 2147483647;
			files = (
				852C09CB1E250BAA000F563F /* finalprojectTests.swift in Sources */,
			);
			runOnlyForDeploymentPostprocessing = 0;
		};
		852C09CD1E250BAA000F563F /* Sources */ = {
			isa = PBXSourcesBuildPhase;
			buildActionMask = 2147483647;
			files = (
				852C09D61E250BAA000F563F /* finalprojectUITests.swift in Sources */,
			);
			runOnlyForDeploymentPostprocessing = 0;
		};
/* End PBXSourcesBuildPhase section */

/* Begin PBXTargetDependency section */
		852C09C81E250BAA000F563F /* PBXTargetDependency */ = {
			isa = PBXTargetDependency;
			target = 852C09B11E250B9C000F563F /* finalproject */;
			targetProxy = 852C09C71E250BAA000F563F /* PBXContainerItemProxy */;
		};
		852C09D31E250BAA000F563F /* PBXTargetDependency */ = {
			isa = PBXTargetDependency;
			target = 852C09B11E250B9C000F563F /* finalproject */;
			targetProxy = 852C09D21E250BAA000F563F /* PBXContainerItemProxy */;
		};
/* End PBXTargetDependency section */

/* Begin PBXVariantGroup section */
		852C09B91E250BA5000F563F /* Main.storyboard */ = {
			isa = PBXVariantGroup;
			children = (
				852C09BA1E250BA5000F563F /* Base */,
			);
			name = Main.storyboard;
			sourceTree = "<group>";
		};
		852C09BE1E250BA6000F563F /* LaunchScreen.storyboard */ = {
			isa = PBXVariantGroup;
			children = (
				852C09BF1E250BA6000F563F /* Base */,
			);
			name = LaunchScreen.storyboard;
			sourceTree = "<group>";
		};
/* End PBXVariantGroup section */

/* Begin XCBuildConfiguration section */
		852C09D81E250BAA000F563F /* Debug */ = {
			isa = XCBuildConfiguration;
			buildSettings = {
				ALWAYS_SEARCH_USER_PATHS = NO;
				CLANG_ANALYZER_NONNULL = YES;
				CLANG_CXX_LANGUAGE_STANDARD = "gnu++0x";
				CLANG_CXX_LIBRARY = "libc++";
				CLANG_ENABLE_MODULES = YES;
				CLANG_ENABLE_OBJC_ARC = YES;
				CLANG_WARN_BOOL_CONVERSION = YES;
				CLANG_WARN_CONSTANT_CONVERSION = YES;
				CLANG_WARN_DIRECT_OBJC_ISA_USAGE = YES_ERROR;
				CLANG_WARN_DOCUMENTATION_COMMENTS = YES;
				CLANG_WARN_EMPTY_BODY = YES;
				CLANG_WARN_ENUM_CONVERSION = YES;
				CLANG_WARN_INFINITE_RECURSION = YES;
				CLANG_WARN_INT_CONVERSION = YES;
				CLANG_WARN_OBJC_ROOT_CLASS = YES_ERROR;
				CLANG_WARN_SUSPICIOUS_MOVE = YES;
				CLANG_WARN_UNREACHABLE_CODE = YES;
				CLANG_WARN__DUPLICATE_METHOD_MATCH = YES;
				"CODE_SIGN_IDENTITY[sdk=iphoneos*]" = "iPhone Developer";
				COPY_PHASE_STRIP = NO;
				DEBUG_INFORMATION_FORMAT = dwarf;
				ENABLE_STRICT_OBJC_MSGSEND = YES;
				ENABLE_TESTABILITY = YES;
				GCC_C_LANGUAGE_STANDARD = gnu99;
				GCC_DYNAMIC_NO_PIC = NO;
				GCC_NO_COMMON_BLOCKS = YES;
				GCC_OPTIMIZATION_LEVEL = 0;
				GCC_PREPROCESSOR_DEFINITIONS = (
					"DEBUG=1",
					"$(inherited)",
				);
				GCC_WARN_64_TO_32_BIT_CONVERSION = YES;
				GCC_WARN_ABOUT_RETURN_TYPE = YES_ERROR;
				GCC_WARN_UNDECLARED_SELECTOR = YES;
				GCC_WARN_UNINITIALIZED_AUTOS = YES_AGGRESSIVE;
				GCC_WARN_UNUSED_FUNCTION = YES;
				GCC_WARN_UNUSED_VARIABLE = YES;
				IPHONEOS_DEPLOYMENT_TARGET = 10.2;
				MTL_ENABLE_DEBUG_INFO = YES;
				ONLY_ACTIVE_ARCH = YES;
				SDKROOT = iphoneos;
				SWIFT_ACTIVE_COMPILATION_CONDITIONS = DEBUG;
				SWIFT_OPTIMIZATION_LEVEL = "-Onone";
				TARGETED_DEVICE_FAMILY = "1,2";
			};
			name = Debug;
		};
		852C09D91E250BAA000F563F /* Release */ = {
			isa = XCBuildConfiguration;
			buildSettings = {
				ALWAYS_SEARCH_USER_PATHS = NO;
				CLANG_ANALYZER_NONNULL = YES;
				CLANG_CXX_LANGUAGE_STANDARD = "gnu++0x";
				CLANG_CXX_LIBRARY = "libc++";
				CLANG_ENABLE_MODULES = YES;
				CLANG_ENABLE_OBJC_ARC = YES;
				CLANG_WARN_BOOL_CONVERSION = YES;
				CLANG_WARN_CONSTANT_CONVERSION = YES;
				CLANG_WARN_DIRECT_OBJC_ISA_USAGE = YES_ERROR;
				CLANG_WARN_DOCUMENTATION_COMMENTS = YES;
				CLANG_WARN_EMPTY_BODY = YES;
				CLANG_WARN_ENUM_CONVERSION = YES;
				CLANG_WARN_INFINITE_RECURSION = YES;
				CLANG_WARN_INT_CONVERSION = YES;
				CLANG_WARN_OBJC_ROOT_CLASS = YES_ERROR;
				CLANG_WARN_SUSPICIOUS_MOVE = YES;
				CLANG_WARN_UNREACHABLE_CODE = YES;
				CLANG_WARN__DUPLICATE_METHOD_MATCH = YES;
				"CODE_SIGN_IDENTITY[sdk=iphoneos*]" = "iPhone Developer";
				COPY_PHASE_STRIP = NO;
				DEBUG_INFORMATION_FORMAT = "dwarf-with-dsym";
				ENABLE_NS_ASSERTIONS = NO;
				ENABLE_STRICT_OBJC_MSGSEND = YES;
				GCC_C_LANGUAGE_STANDARD = gnu99;
				GCC_NO_COMMON_BLOCKS = YES;
				GCC_WARN_64_TO_32_BIT_CONVERSION = YES;
				GCC_WARN_ABOUT_RETURN_TYPE = YES_ERROR;
				GCC_WARN_UNDECLARED_SELECTOR = YES;
				GCC_WARN_UNINITIALIZED_AUTOS = YES_AGGRESSIVE;
				GCC_WARN_UNUSED_FUNCTION = YES;
				GCC_WARN_UNUSED_VARIABLE = YES;
				IPHONEOS_DEPLOYMENT_TARGET = 10.2;
				MTL_ENABLE_DEBUG_INFO = NO;
				SDKROOT = iphoneos;
				SWIFT_OPTIMIZATION_LEVEL = "-Owholemodule";
				TARGETED_DEVICE_FAMILY = "1,2";
				VALIDATE_PRODUCT = YES;
			};
			name = Release;
		};
		852C09DB1E250BAA000F563F /* Debug */ = {
			isa = XCBuildConfiguration;
			baseConfigurationReference = 37F1031C9089993BD6748633 /* Pods-finalproject.debug.xcconfig */;
			buildSettings = {
				ASSETCATALOG_COMPILER_APPICON_NAME = AppIcon;
				CODE_SIGN_ENTITLEMENTS = finalproject/finalproject.entitlements;
				"CODE_SIGN_IDENTITY[sdk=iphoneos*]" = "iPhone Developer";
				DEVELOPMENT_TEAM = 372D866T32;
				INFOPLIST_FILE = finalproject/Info.plist;
				LD_RUNPATH_SEARCH_PATHS = "$(inherited) @executable_path/Frameworks";
				PRODUCT_BUNDLE_IDENTIFIER = nl.mprog.finalproject589;
				PRODUCT_NAME = "$(TARGET_NAME)";
				SWIFT_VERSION = 3.0;
			};
			name = Debug;
		};
		852C09DC1E250BAA000F563F /* Release */ = {
			isa = XCBuildConfiguration;
			baseConfigurationReference = EABE658CC3C2F5CBF45BFB7B /* Pods-finalproject.release.xcconfig */;
			buildSettings = {
				ASSETCATALOG_COMPILER_APPICON_NAME = AppIcon;
				CODE_SIGN_ENTITLEMENTS = finalproject/finalproject.entitlements;
				"CODE_SIGN_IDENTITY[sdk=iphoneos*]" = "iPhone Developer";
				DEVELOPMENT_TEAM = 372D866T32;
				INFOPLIST_FILE = finalproject/Info.plist;
				LD_RUNPATH_SEARCH_PATHS = "$(inherited) @executable_path/Frameworks";
				PRODUCT_BUNDLE_IDENTIFIER = nl.mprog.finalproject589;
				PRODUCT_NAME = "$(TARGET_NAME)";
				SWIFT_VERSION = 3.0;
			};
			name = Release;
		};
		852C09DE1E250BAA000F563F /* Debug */ = {
			isa = XCBuildConfiguration;
			baseConfigurationReference = 68957F6B4D0ED2B970309564 /* Pods-finalprojectTests.debug.xcconfig */;
			buildSettings = {
				ALWAYS_EMBED_SWIFT_STANDARD_LIBRARIES = YES;
				BUNDLE_LOADER = "$(TEST_HOST)";
				DEVELOPMENT_TEAM = 372D866T32;
				INFOPLIST_FILE = finalprojectTests/Info.plist;
				LD_RUNPATH_SEARCH_PATHS = "$(inherited) @executable_path/Frameworks @loader_path/Frameworks";
				PRODUCT_BUNDLE_IDENTIFIER = nl.mprog.finalprojectTests;
				PRODUCT_NAME = "$(TARGET_NAME)";
				SWIFT_VERSION = 3.0;
				TEST_HOST = "$(BUILT_PRODUCTS_DIR)/finalproject.app/finalproject";
			};
			name = Debug;
		};
		852C09DF1E250BAA000F563F /* Release */ = {
			isa = XCBuildConfiguration;
			baseConfigurationReference = 929FA43F934B4C49CE5B2098 /* Pods-finalprojectTests.release.xcconfig */;
			buildSettings = {
				ALWAYS_EMBED_SWIFT_STANDARD_LIBRARIES = YES;
				BUNDLE_LOADER = "$(TEST_HOST)";
				DEVELOPMENT_TEAM = 372D866T32;
				INFOPLIST_FILE = finalprojectTests/Info.plist;
				LD_RUNPATH_SEARCH_PATHS = "$(inherited) @executable_path/Frameworks @loader_path/Frameworks";
				PRODUCT_BUNDLE_IDENTIFIER = nl.mprog.finalprojectTests;
				PRODUCT_NAME = "$(TARGET_NAME)";
				SWIFT_VERSION = 3.0;
				TEST_HOST = "$(BUILT_PRODUCTS_DIR)/finalproject.app/finalproject";
			};
			name = Release;
		};
		852C09E11E250BAA000F563F /* Debug */ = {
			isa = XCBuildConfiguration;
			baseConfigurationReference = 2F7A60461020A30F5ECF9E48 /* Pods-finalprojectUITests.debug.xcconfig */;
			buildSettings = {
				ALWAYS_EMBED_SWIFT_STANDARD_LIBRARIES = YES;
				DEVELOPMENT_TEAM = 372D866T32;
				INFOPLIST_FILE = finalprojectUITests/Info.plist;
				LD_RUNPATH_SEARCH_PATHS = "$(inherited) @executable_path/Frameworks @loader_path/Frameworks";
				PRODUCT_BUNDLE_IDENTIFIER = nl.mprog.finalprojectUITests;
				PRODUCT_NAME = "$(TARGET_NAME)";
				SWIFT_VERSION = 3.0;
				TEST_TARGET_NAME = finalproject;
			};
			name = Debug;
		};
		852C09E21E250BAA000F563F /* Release */ = {
			isa = XCBuildConfiguration;
			baseConfigurationReference = F1D9C8E3B295D9F0983318C6 /* Pods-finalprojectUITests.release.xcconfig */;
			buildSettings = {
				ALWAYS_EMBED_SWIFT_STANDARD_LIBRARIES = YES;
				DEVELOPMENT_TEAM = 372D866T32;
				INFOPLIST_FILE = finalprojectUITests/Info.plist;
				LD_RUNPATH_SEARCH_PATHS = "$(inherited) @executable_path/Frameworks @loader_path/Frameworks";
				PRODUCT_BUNDLE_IDENTIFIER = nl.mprog.finalprojectUITests;
				PRODUCT_NAME = "$(TARGET_NAME)";
				SWIFT_VERSION = 3.0;
				TEST_TARGET_NAME = finalproject;
			};
			name = Release;
		};
/* End XCBuildConfiguration section */

/* Begin XCConfigurationList section */
		852C09AD1E250B9C000F563F /* Build configuration list for PBXProject "finalproject" */ = {
			isa = XCConfigurationList;
			buildConfigurations = (
				852C09D81E250BAA000F563F /* Debug */,
				852C09D91E250BAA000F563F /* Release */,
			);
			defaultConfigurationIsVisible = 0;
			defaultConfigurationName = Release;
		};
		852C09DA1E250BAA000F563F /* Build configuration list for PBXNativeTarget "finalproject" */ = {
			isa = XCConfigurationList;
			buildConfigurations = (
				852C09DB1E250BAA000F563F /* Debug */,
				852C09DC1E250BAA000F563F /* Release */,
			);
			defaultConfigurationIsVisible = 0;
			defaultConfigurationName = Release;
		};
		852C09DD1E250BAA000F563F /* Build configuration list for PBXNativeTarget "finalprojectTests" */ = {
			isa = XCConfigurationList;
			buildConfigurations = (
				852C09DE1E250BAA000F563F /* Debug */,
				852C09DF1E250BAA000F563F /* Release */,
			);
			defaultConfigurationIsVisible = 0;
			defaultConfigurationName = Release;
		};
		852C09E01E250BAA000F563F /* Build configuration list for PBXNativeTarget "finalprojectUITests" */ = {
			isa = XCConfigurationList;
			buildConfigurations = (
				852C09E11E250BAA000F563F /* Debug */,
				852C09E21E250BAA000F563F /* Release */,
			);
			defaultConfigurationIsVisible = 0;
			defaultConfigurationName = Release;
		};
/* End XCConfigurationList section */
	};
	rootObject = 852C09AA1E250B9C000F563F /* Project object */;
}
